
Microsoft Visual Studio Solution File, Format Version 12.00
# Visual Studio Version 17
VisualStudioVersion = 17.5.33530.505
MinimumVisualStudioVersion = 10.0.40219.1
Project("{FAE04EC0-301F-11D3-BF4B-00C04F79EFBC}") = "WebApi", "WebApi.csproj", "{65A334A3-65EB-4AA7-9AA0-4424B0A97DC0}"
EndProject
Global
	GlobalSection(SolutionConfigurationPlatforms) = preSolution
		Debug|Any CPU = Debug|Any CPU
		Release|Any CPU = Release|Any CPU
	EndGlobalSection
	GlobalSection(ProjectConfigurationPlatforms) = postSolution
		{65A334A3-65EB-4AA7-9AA0-4424B0A97DC0}.Debug|Any CPU.ActiveCfg = Debug|Any CPU
		{65A334A3-65EB-4AA7-9AA0-4424B0A97DC0}.Debug|Any CPU.Build.0 = Debug|Any CPU
		{65A334A3-65EB-4AA7-9AA0-4424B0A97DC0}.Release|Any CPU.ActiveCfg = Release|Any CPU
		{65A334A3-65EB-4AA7-9AA0-4424B0A97DC0}.Release|Any CPU.Build.0 = Release|Any CPU
	EndGlobalSection
	GlobalSection(SolutionProperties) = preSolution
		HideSolutionNode = FALSE
	EndGlobalSection
	GlobalSection(ExtensibilityGlobals) = postSolution
		SolutionGuid = {C711F3CB-56B2-4FD4-9E28-2BD19D0562BE}
	EndGlobalSection
EndGlobal
